
Microsoft Visual Studio Solution File, Format Version 12.00
# Visual Studio Version 17
VisualStudioVersion = 17.14.36908.2 d17.14
MinimumVisualStudioVersion = 10.0.40219.1
Project("{8BC9CEB8-8B4A-11D0-8D11-00A0C91BC942}") = "Server", "Server.vcxproj", "{0362464D-496C-439A-B7A0-4D534FCD2FEB}"
EndProject
Global
	GlobalSection(SolutionConfigurationPlatforms) = preSolution
		Debug|x64 = Debug|x64
		Debug|x86 = Debug|x86
		Release|x64 = Release|x64
		Release|x86 = Release|x86
	EndGlobalSection
	GlobalSection(ProjectConfigurationPlatforms) = postSolution
		{0362464D-496C-439A-B7A0-4D534FCD2FEB}.Debug|x64.ActiveCfg = Debug|x64
		{0362464D-496C-439A-B7A0-4D534FCD2FEB}.Debug|x64.Build.0 = Debug|x64
		{0362464D-496C-439A-B7A0-4D534FCD2FEB}.Debug|x86.ActiveCfg = Debug|Win32
		{0362464D-496C-439A-B7A0-4D534FCD2FEB}.Debug|x86.Build.0 = Debug|Win32
		{0362464D-496C-439A-B7A0-4D534FCD2FEB}.Release|x64.ActiveCfg = Release|x64
		{0362464D-496C-439A-B7A0-4D534FCD2FEB}.Release|x64.Build.0 = Release|x64
		{0362464D-496C-439A-B7A0-4D534FCD2FEB}.Release|x86.ActiveCfg = Release|Win32
		{0362464D-496C-439A-B7A0-4D534FCD2FEB}.Release|x86.Build.0 = Release|Win32
	EndGlobalSection
	GlobalSection(SolutionProperties) = preSolution
		HideSolutionNode = FALSE
	EndGlobalSection
	GlobalSection(ExtensibilityGlobals) = postSolution
		SolutionGuid = {D59CD16B-08B3-4E3E-996C-B6C1A932B5AA}
	EndGlobalSection
EndGlobal
