
Microsoft Visual Studio Solution File, Format Version 12.00
# Visual Studio Version 17
VisualStudioVersion = 17.14.37111.16
MinimumVisualStudioVersion = 10.0.40219.1
Project("{8BC9CEB8-8B4A-11D0-8D11-00A0C91BC942}") = "iocp_game_server", "iocp_game_server\iocp_game_server.vcxproj", "{A733A416-19C1-44C1-8717-31930FE8979C}"
EndProject
Global
	GlobalSection(SolutionConfigurationPlatforms) = preSolution
		Debug|x64 = Debug|x64
		Debug|x86 = Debug|x86
		Release|x64 = Release|x64
		Release|x86 = Release|x86
	EndGlobalSection
	GlobalSection(ProjectConfigurationPlatforms) = postSolution
		{A733A416-19C1-44C1-8717-31930FE8979C}.Debug|x64.ActiveCfg = Debug|x64
		{A733A416-19C1-44C1-8717-31930FE8979C}.Debug|x64.Build.0 = Debug|x64
		{A733A416-19C1-44C1-8717-31930FE8979C}.Debug|x86.ActiveCfg = Debug|Win32
		{A733A416-19C1-44C1-8717-31930FE8979C}.Debug|x86.Build.0 = Debug|Win32
		{A733A416-19C1-44C1-8717-31930FE8979C}.Release|x64.ActiveCfg = Release|x64
		{A733A416-19C1-44C1-8717-31930FE8979C}.Release|x64.Build.0 = Release|x64
		{A733A416-19C1-44C1-8717-31930FE8979C}.Release|x86.ActiveCfg = Release|Win32
		{A733A416-19C1-44C1-8717-31930FE8979C}.Release|x86.Build.0 = Release|Win32
	EndGlobalSection
	GlobalSection(SolutionProperties) = preSolution
		HideSolutionNode = FALSE
	EndGlobalSection
	GlobalSection(ExtensibilityGlobals) = postSolution
		SolutionGuid = {3A7335D6-8CAF-46EC-AE5E-0044A969B277}
	EndGlobalSection
EndGlobal
